
Microsoft Visual Studio Solution File, Format Version 12.00
# Visual Studio Version 17
VisualStudioVersion = 17.0.31903.59
MinimumVisualStudioVersion = 10.0.40219.1
Project("{FAE04EC0-301F-11D3-BF4B-00C04F79EFBC}") = "NaSede.Api", "NaSede.Api\NaSede.Api.csproj", "{C909B930-3E75-41CC-9389-CB22B6CFF9F4}"
EndProject
Project("{FAE04EC0-301F-11D3-BF4B-00C04F79EFBC}") = "NaSede.Application", "NaSede.Application\NaSede.Application.csproj", "{713B1F84-C433-45D2-8928-51FA319C587F}"
EndProject
Project("{FAE04EC0-301F-11D3-BF4B-00C04F79EFBC}") = "NaSede.Domain", "NaSede.Domain\NaSede.Domain.csproj", "{DCA0A475-4B39-4795-9D7C-D3CF023D5D6D}"
EndProject
Project("{FAE04EC0-301F-11D3-BF4B-00C04F79EFBC}") = "NaSede.Infrastructure", "NaSede.Infrastructure\NaSede.Infrastructure.csproj", "{C0121B8B-0FBD-48F4-ADBD-9BD8AC6F04DA}"
EndProject
Global
	GlobalSection(SolutionConfigurationPlatforms) = preSolution
		Debug|Any CPU = Debug|Any CPU
		Debug|x64 = Debug|x64
		Debug|x86 = Debug|x86
		Release|Any CPU = Release|Any CPU
		Release|x64 = Release|x64
		Release|x86 = Release|x86
	EndGlobalSection
	GlobalSection(ProjectConfigurationPlatforms) = postSolution
		{C909B930-3E75-41CC-9389-CB22B6CFF9F4}.Debug|Any CPU.ActiveCfg = Debug|Any CPU
		{C909B930-3E75-41CC-9389-CB22B6CFF9F4}.Debug|Any CPU.Build.0 = Debug|Any CPU
		{C909B930-3E75-41CC-9389-CB22B6CFF9F4}.Debug|x64.ActiveCfg = Debug|Any CPU
		{C909B930-3E75-41CC-9389-CB22B6CFF9F4}.Debug|x64.Build.0 = Debug|Any CPU
		{C909B930-3E75-41CC-9389-CB22B6CFF9F4}.Debug|x86.ActiveCfg = Debug|Any CPU
		{C909B930-3E75-41CC-9389-CB22B6CFF9F4}.Debug|x86.Build.0 = Debug|Any CPU
		{C909B930-3E75-41CC-9389-CB22B6CFF9F4}.Release|Any CPU.ActiveCfg = Release|Any CPU
		{C909B930-3E75-41CC-9389-CB22B6CFF9F4}.Release|Any CPU.Build.0 = Release|Any CPU
		{C909B930-3E75-41CC-9389-CB22B6CFF9F4}.Release|x64.ActiveCfg = Release|Any CPU
		{C909B930-3E75-41CC-9389-CB22B6CFF9F4}.Release|x64.Build.0 = Release|Any CPU
		{C909B930-3E75-41CC-9389-CB22B6CFF9F4}.Release|x86.ActiveCfg = Release|Any CPU
		{C909B930-3E75-41CC-9389-CB22B6CFF9F4}.Release|x86.Build.0 = Release|Any CPU
		{713B1F84-C433-45D2-8928-51FA319C587F}.Debug|Any CPU.ActiveCfg = Debug|Any CPU
		{713B1F84-C433-45D2-8928-51FA319C587F}.Debug|Any CPU.Build.0 = Debug|Any CPU
		{713B1F84-C433-45D2-8928-51FA319C587F}.Debug|x64.ActiveCfg = Debug|Any CPU
		{713B1F84-C433-45D2-8928-51FA319C587F}.Debug|x64.Build.0 = Debug|Any CPU
		{713B1F84-C433-45D2-8928-51FA319C587F}.Debug|x86.ActiveCfg = Debug|Any CPU
		{713B1F84-C433-45D2-8928-51FA319C587F}.Debug|x86.Build.0 = Debug|Any CPU
		{713B1F84-C433-45D2-8928-51FA319C587F}.Release|Any CPU.ActiveCfg = Release|Any CPU
		{713B1F84-C433-45D2-8928-51FA319C587F}.Release|Any CPU.Build.0 = Release|Any CPU
		{713B1F84-C433-45D2-8928-51FA319C587F}.Release|x64.ActiveCfg = Release|Any CPU
		{713B1F84-C433-45D2-8928-51FA319C587F}.Release|x64.Build.0 = Release|Any CPU
		{713B1F84-C433-45D2-8928-51FA319C587F}.Release|x86.ActiveCfg = Release|Any CPU
		{713B1F84-C433-45D2-8928-51FA319C587F}.Release|x86.Build.0 = Release|Any CPU
		{DCA0A475-4B39-4795-9D7C-D3CF023D5D6D}.Debug|Any CPU.ActiveCfg = Debug|Any CPU
		{DCA0A475-4B39-4795-9D7C-D3CF023D5D6D}.Debug|Any CPU.Build.0 = Debug|Any CPU
		{DCA0A475-4B39-4795-9D7C-D3CF023D5D6D}.Debug|x64.ActiveCfg = Debug|Any CPU
		{DCA0A475-4B39-4795-9D7C-D3CF023D5D6D}.Debug|x64.Build.0 = Debug|Any CPU
		{DCA0A475-4B39-4795-9D7C-D3CF023D5D6D}.Debug|x86.ActiveCfg = Debug|Any CPU
		{DCA0A475-4B39-4795-9D7C-D3CF023D5D6D}.Debug|x86.Build.0 = Debug|Any CPU
		{DCA0A475-4B39-4795-9D7C-D3CF023D5D6D}.Release|Any CPU.ActiveCfg = Release|Any CPU
		{DCA0A475-4B39-4795-9D7C-D3CF023D5D6D}.Release|Any CPU.Build.0 = Release|Any CPU
		{DCA0A475-4B39-4795-9D7C-D3CF023D5D6D}.Release|x64.ActiveCfg = Release|Any CPU
		{DCA0A475-4B39-4795-9D7C-D3CF023D5D6D}.Release|x64.Build.0 = Release|Any CPU
		{DCA0A475-4B39-4795-9D7C-D3CF023D5D6D}.Release|x86.ActiveCfg = Release|Any CPU
		{DCA0A475-4B39-4795-9D7C-D3CF023D5D6D}.Release|x86.Build.0 = Release|Any CPU
		{C0121B8B-0FBD-48F4-ADBD-9BD8AC6F04DA}.Debug|Any CPU.ActiveCfg = Debug|Any CPU
		{C0121B8B-0FBD-48F4-ADBD-9BD8AC6F04DA}.Debug|Any CPU.Build.0 = Debug|Any CPU
		{C0121B8B-0FBD-48F4-ADBD-9BD8AC6F04DA}.Debug|x64.ActiveCfg = Debug|Any CPU
		{C0121B8B-0FBD-48F4-ADBD-9BD8AC6F04DA}.Debug|x64.Build.0 = Debug|Any CPU
		{C0121B8B-0FBD-48F4-ADBD-9BD8AC6F04DA}.Debug|x86.ActiveCfg = Debug|Any CPU
		{C0121B8B-0FBD-48F4-ADBD-9BD8AC6F04DA}.Debug|x86.Build.0 = Debug|Any CPU
		{C0121B8B-0FBD-48F4-ADBD-9BD8AC6F04DA}.Release|Any CPU.ActiveCfg = Release|Any CPU
		{C0121B8B-0FBD-48F4-ADBD-9BD8AC6F04DA}.Release|Any CPU.Build.0 = Release|Any CPU
		{C0121B8B-0FBD-48F4-ADBD-9BD8AC6F04DA}.Release|x64.ActiveCfg = Release|Any CPU
		{C0121B8B-0FBD-48F4-ADBD-9BD8AC6F04DA}.Release|x64.Build.0 = Release|Any CPU
		{C0121B8B-0FBD-48F4-ADBD-9BD8AC6F04DA}.Release|x86.ActiveCfg = Release|Any CPU
		{C0121B8B-0FBD-48F4-ADBD-9BD8AC6F04DA}.Release|x86.Build.0 = Release|Any CPU
	EndGlobalSection
	GlobalSection(SolutionProperties) = preSolution
		HideSolutionNode = FALSE
	EndGlobalSection
EndGlobal
